
Microsoft Visual Studio Solution File, Format Version 12.00
# Visual Studio Version 16
VisualStudioVersion = 16.0.30011.22
MinimumVisualStudioVersion = 10.0.40219.1
Project("{FAE04EC0-301F-11D3-BF4B-00C04F79EFBC}") = "Minesweeper", "Minesweeper\Minesweeper.csproj", "{5AEFD02B-7278-4AA8-BA2B-D914E20BF294}"
EndProject
Global
	GlobalSection(SolutionConfigurationPlatforms) = preSolution
		Debug|Any CPU = Debug|Any CPU
		Release|Any CPU = Release|Any CPU
	EndGlobalSection
	GlobalSection(ProjectConfigurationPlatforms) = postSolution
		{5AEFD02B-7278-4AA8-BA2B-D914E20BF294}.Debug|Any CPU.ActiveCfg = Debug|Any CPU
		{5AEFD02B-7278-4AA8-BA2B-D914E20BF294}.Debug|Any CPU.Build.0 = Debug|Any CPU
		{5AEFD02B-7278-4AA8-BA2B-D914E20BF294}.Release|Any CPU.ActiveCfg = Release|Any CPU
		{5AEFD02B-7278-4AA8-BA2B-D914E20BF294}.Release|Any CPU.Build.0 = Release|Any CPU
	EndGlobalSection
	GlobalSection(SolutionProperties) = preSolution
		HideSolutionNode = FALSE
	EndGlobalSection
	GlobalSection(ExtensibilityGlobals) = postSolution
		SolutionGuid = {23DA6CC2-7DBD-4265-AEFB-78CFB0C4358C}
	EndGlobalSection
EndGlobal
